<?xml version="1.0" encoding="utf-8"?>
<Project ToolsVersion="4.0" xmlns="http://schemas.microsoft.com/developer/msbuild/2003">
  <ItemGroup>
    <Filter Include="源文件">
      <UniqueIdentifier>{4FC737F1-C7A5-4376-A066-2A32D752A2FF}</UniqueIdentifier>
      <Extensions>cpp;c;cc;cxx;def;odl;idl;hpj;bat;asm;asmx</Extensions>
    </Filter>
    <Filter Include="头文件">
      <UniqueIdentifier>{93995380-89BD-4b04-88EB-625FBE52EBFB}</UniqueIdentifier>
      <Extensions>h;hh;hpp;hxx;hm;inl;inc;ipp;xsd</Extensions>
    </Filter>
    <Filter Include="资源文件">
      <UniqueIdentifier>{67DA6AB6-F800-4c08-8B7A-83BB121AAD01}</UniqueIdentifier>
      <Extensions>rc;ico;cur;bmp;dlg;rc2;rct;bin;rgs;gif;jpg;jpeg;jpe;resx;tiff;tif;png;wav;mfcribbon-ms</Extensions>
    </Filter>
    <Filter Include="头文件\Integrator">
      <UniqueIdentifier>{e19882da-dbfe-4777-b3a8-be2416ad5081}</UniqueIdentifier>
    </Filter>
    <Filter Include="头文件\extern">
      <UniqueIdentifier>{0064557c-a1bb-4fce-9c9b-3e19c7e9b21c}</UniqueIdentifier>
    </Filter>
    <Filter Include="头文件\shape">
      <UniqueIdentifier>{585d05e1-014f-433d-a196-36d55dafe45a}</UniqueIdentifier>
    </Filter>
    <Filter Include="头文件\light">
      <UniqueIdentifier>{5e4d88bc-5226-42f2-ba1c-485944ece1dd}</UniqueIdentifier>
    </Filter>
    <Filter Include="头文件\material">
      <UniqueIdentifier>{5135f6b8-714c-452f-81d2-65ec29a77140}</UniqueIdentifier>
    </Filter>
    <Filter Include="头文件\BRDF">
      <UniqueIdentifier>{7da7c6e1-cfa8-4dc7-8ffc-ab9dc7403ad9}</UniqueIdentifier>
    </Filter>
    <Filter Include="头文件\texture">
      <UniqueIdentifier>{ffe6f532-5915-4d7b-86f9-a0e7fb5709af}</UniqueIdentifier>
    </Filter>
    <Filter Include="源文件\entrance">
      <UniqueIdentifier>{802cbf5f-cf02-47e2-a78b-3d2605d37d83}</UniqueIdentifier>
    </Filter>
    <Filter Include="头文件\Sampler">
      <UniqueIdentifier>{a900c7ab-cc5a-428f-9356-1c45d8b64ddb}</UniqueIdentifier>
    </Filter>
    <Filter Include="头文件\Accelerator">
      <UniqueIdentifier>{44327cd5-3827-4797-9ddd-d378ef1bd395}</UniqueIdentifier>
    </Filter>
    <Filter Include="头文件\shape\Mesh">
      <UniqueIdentifier>{0cc6d089-8f4e-4e17-9668-205031e2c224}</UniqueIdentifier>
    </Filter>
    <Filter Include="头文件\BTDF">
      <UniqueIdentifier>{3e6d6ae3-3d49-4ae2-95ef-4496c0c0597b}</UniqueIdentifier>
    </Filter>
  </ItemGroup>
  <ItemGroup>
    <ClCompile Include="src\Bitmap.cpp">
      <Filter>源文件</Filter>
    </ClCompile>
    <ClCompile Include="src\shapes\cylinder.cpp">
      <Filter>源文件</Filter>
    </ClCompile>
    <ClCompile Include="src\lanlog.cpp">
      <Filter>源文件</Filter>
    </ClCompile>
    <ClCompile Include="src\lights\lights.cpp">
      <Filter>源文件</Filter>
    </ClCompile>
    <ClCompile Include="src\BRDF\BRDF.cpp">
      <Filter>源文件</Filter>
    </ClCompile>
    <ClCompile Include="src\materials\materials.cpp">
      <Filter>源文件</Filter>
    </ClCompile>
    <ClCompile Include="src\shirley.h">
      <Filter>头文件</Filter>
    </ClCompile>
    <ClCompile Include="src\utility.cpp">
      <Filter>源文件</Filter>
    </ClCompile>
    <ClCompile Include="src\integrator\RayCastIntegrator.cpp">
      <Filter>源文件</Filter>
    </ClCompile>
    <ClCompile Include="src\world.cpp">
      <Filter>源文件</Filter>
    </ClCompile>
    <ClCompile Include="src\shapes\plane.cpp">
      <Filter>源文件</Filter>
    </ClCompile>
    <ClCompile Include="src\Matrix.cpp">
      <Filter>源文件</Filter>
    </ClCompile>
    <ClCompile Include="src\shapes\instance.cpp">
      <Filter>源文件</Filter>
    </ClCompile>
    <ClCompile Include="src\shapes\triangle.cpp">
      <Filter>源文件</Filter>
    </ClCompile>
    <ClCompile Include="src\integrator\AreaLightIntegrator.cpp">
      <Filter>源文件</Filter>
    </ClCompile>
    <ClCompile Include="src\shapes\Box.cpp">
      <Filter>源文件</Filter>
    </ClCompile>
    <ClCompile Include="src\materials\Emissive.cpp">
      <Filter>源文件</Filter>
    </ClCompile>
    <ClCompile Include="src\texture\constant_color.cpp">
      <Filter>源文件</Filter>
    </ClCompile>
    <ClCompile Include="src\BRDF\SVLambertian.cpp">
      <Filter>源文件</Filter>
    </ClCompile>
    <ClCompile Include="src\extern\Image.cpp">
      <Filter>源文件</Filter>
    </ClCompile>
    <ClCompile Include="src\texture\ImageTexture.cpp">
      <Filter>源文件</Filter>
    </ClCompile>
    <ClCompile Include="src\texture\SphericalMap.cpp">
      <Filter>源文件</Filter>
    </ClCompile>
    <ClCompile Include="src\shapes\sphere.cpp">
      <Filter>源文件</Filter>
    </ClCompile>
    <ClCompile Include="src\shirleyTracer.cpp">
      <Filter>源文件\entrance</Filter>
    </ClCompile>
    <ClCompile Include="src\texture\Checker3D.cpp">
      <Filter>源文件</Filter>
    </ClCompile>
    <ClCompile Include="src\Sampler.cpp">
      <Filter>源文件</Filter>
    </ClCompile>
    <ClCompile Include="src\sampler\Jittered.cpp">
      <Filter>源文件</Filter>
    </ClCompile>
    <ClCompile Include="src\shapes\Rectangle.cpp">
      <Filter>源文件</Filter>
    </ClCompile>
    <ClCompile Include="src\lights\AreaLight.cpp">
      <Filter>源文件</Filter>
    </ClCompile>
    <ClCompile Include="src\shapes\Compound.cpp">
      <Filter>源文件</Filter>
    </ClCompile>
    <ClCompile Include="src\shapes\Disk.cpp">
      <Filter>源文件</Filter>
    </ClCompile>
    <ClCompile Include="src\shapes\BBox.cpp">
      <Filter>源文件</Filter>
    </ClCompile>
    <ClCompile Include="src\shapes\accelerator\Grid.cpp">
      <Filter>源文件</Filter>
    </ClCompile>
    <ClCompile Include="src\extern\tinyply.cpp">
      <Filter>头文件\extern</Filter>
    </ClCompile>
    <ClCompile Include="src\hitable.cpp">
      <Filter>源文件</Filter>
    </ClCompile>
    <ClCompile Include="src\plyparser.cpp">
      <Filter>源文件</Filter>
    </ClCompile>
    <ClCompile Include="src\shapes\mesh\Mesh.cpp">
      <Filter>源文件</Filter>
    </ClCompile>
    <ClCompile Include="src\shapes\Mesh\MeshTriangle.cpp">
      <Filter>源文件</Filter>
    </ClCompile>
    <ClCompile Include="src\integrator\WhittedIntegrator.cpp">
      <Filter>源文件</Filter>
    </ClCompile>
    <ClCompile Include="src\texture\PlaneChecker.cpp">
      <Filter>源文件</Filter>
    </ClCompile>
    <ClCompile Include="src\materials\SV_Matte.cpp">
      <Filter>源文件</Filter>
    </ClCompile>
    <ClCompile Include="src\materials\GlossyReflective.cpp">
      <Filter>源文件</Filter>
    </ClCompile>
    <ClCompile Include="src\texture\LightProbe.cpp">
      <Filter>源文件</Filter>
    </ClCompile>
    <ClCompile Include="src\integrator\PathIntegrator.cpp">
      <Filter>源文件</Filter>
    </ClCompile>
    <ClCompile Include="src\Sampler\MultiJittered.cpp">
      <Filter>源文件</Filter>
    </ClCompile>
    <ClCompile Include="src\integrator\GlobalIntegrator.cpp">
      <Filter>源文件</Filter>
    </ClCompile>
    <ClCompile Include="src\parsing.cpp">
      <Filter>源文件</Filter>
    </ClCompile>
    <ClCompile Include="src\BTDF\PerfectTransmitter.cpp">
      <Filter>源文件</Filter>
    </ClCompile>
    <ClCompile Include="src\materials\Transparent.cpp">
      <Filter>源文件</Filter>
    </ClCompile>
  </ItemGroup>
  <ItemGroup>
    <ClInclude Include="src\Bitmap.h">
      <Filter>头文件</Filter>
    </ClInclude>
    <ClInclude Include="src\vec3.h">
      <Filter>头文件</Filter>
    </ClInclude>
    <ClInclude Include="src\ray.h">
      <Filter>头文件</Filter>
    </ClInclude>
    <ClInclude Include="src\hitable.h">
      <Filter>头文件</Filter>
    </ClInclude>
    <ClInclude Include="src\hitable_list.h">
      <Filter>头文件</Filter>
    </ClInclude>
    <ClInclude Include="src\camera.h">
      <Filter>头文件</Filter>
    </ClInclude>
    <ClInclude Include="src\utility.h">
      <Filter>头文件</Filter>
    </ClInclude>
    <ClInclude Include="src\texture.h">
      <Filter>头文件</Filter>
    </ClInclude>
    <ClInclude Include="src\xy_rect.h">
      <Filter>头文件</Filter>
    </ClInclude>
    <ClInclude Include="src\onb.h">
      <Filter>头文件</Filter>
    </ClInclude>
    <ClInclude Include="src\pdf.h">
      <Filter>头文件</Filter>
    </ClInclude>
    <ClInclude Include="src\integrator.h">
      <Filter>头文件</Filter>
    </ClInclude>
    <ClInclude Include="src\extern\stb_image.h">
      <Filter>头文件\extern</Filter>
    </ClInclude>
    <ClInclude Include="src\lanlog.h">
      <Filter>头文件</Filter>
    </ClInclude>
    <ClInclude Include="src\Integrator\SampleIntegrator.h">
      <Filter>头文件\Integrator</Filter>
    </ClInclude>
    <ClInclude Include="src\shapes\cylinder.h">
      <Filter>头文件\shape</Filter>
    </ClInclude>
    <ClInclude Include="src\light.h">
      <Filter>头文件</Filter>
    </ClInclude>
    <ClInclude Include="src\lights\Ambient.h">
      <Filter>头文件\light</Filter>
    </ClInclude>
    <ClInclude Include="src\lights\PointLight.h">
      <Filter>头文件\light</Filter>
    </ClInclude>
    <ClInclude Include="src\materials.h">
      <Filter>头文件</Filter>
    </ClInclude>
    <ClInclude Include="src\parsing.h">
      <Filter>头文件</Filter>
    </ClInclude>
    <ClInclude Include="src\materials\matte_material.h">
      <Filter>头文件\material</Filter>
    </ClInclude>
    <ClInclude Include="src\brdf.h">
      <Filter>头文件</Filter>
    </ClInclude>
    <ClInclude Include="src\BRDF\LambertianBRDF.h">
      <Filter>头文件\BRDF</Filter>
    </ClInclude>
    <ClInclude Include="src\integrator\RayCastIntegrator.h">
      <Filter>头文件\Integrator</Filter>
    </ClInclude>
    <ClInclude Include="src\World.h">
      <Filter>头文件</Filter>
    </ClInclude>
    <ClInclude Include="src\shapes\sphere.h">
      <Filter>头文件\shape</Filter>
    </ClInclude>
    <ClInclude Include="src\shapes\Plane.h">
      <Filter>头文件\shape</Filter>
    </ClInclude>
    <ClInclude Include="src\lights\DirectionLight.h">
      <Filter>头文件\light</Filter>
    </ClInclude>
    <ClInclude Include="src\BRDF\GlossySpecularBRDF.h">
      <Filter>头文件\BRDF</Filter>
    </ClInclude>
    <ClInclude Include="src\materials\Phong.h">
      <Filter>头文件\material</Filter>
    </ClInclude>
    <ClInclude Include="src\Matrix.h">
      <Filter>头文件</Filter>
    </ClInclude>
    <ClInclude Include="src\shapes\Instance.h">
      <Filter>头文件\shape</Filter>
    </ClInclude>
    <ClInclude Include="src\shapes\triangle.h">
      <Filter>头文件\shape</Filter>
    </ClInclude>
    <ClInclude Include="src\integrator\AreaLightIntegrator.h">
      <Filter>头文件\Integrator</Filter>
    </ClInclude>
    <ClInclude Include="src\shapes\Box.h">
      <Filter>头文件\shape</Filter>
    </ClInclude>
    <ClInclude Include="src\materials\Emissive.h">
      <Filter>头文件\material</Filter>
    </ClInclude>
    <ClInclude Include="src\BRDF\SVLambertian.h">
      <Filter>头文件\BRDF</Filter>
    </ClInclude>
    <ClInclude Include="src\texture\constant_color.h">
      <Filter>头文件\texture</Filter>
    </ClInclude>
    <ClInclude Include="src\materials\SV_Matte.h">
      <Filter>头文件\material</Filter>
    </ClInclude>
    <ClInclude Include="src\texture\ImageTexture.h">
      <Filter>头文件\texture</Filter>
    </ClInclude>
    <ClInclude Include="src\extern\Image.h">
      <Filter>头文件\extern</Filter>
    </ClInclude>
    <ClInclude Include="src\texture\SphericalMap.h">
      <Filter>头文件\texture</Filter>
    </ClInclude>
    <ClInclude Include="src\texture\mapping.h">
      <Filter>头文件\texture</Filter>
    </ClInclude>
    <ClInclude Include="src\texture\Checker3D.h">
      <Filter>头文件\texture</Filter>
    </ClInclude>
    <ClInclude Include="src\Sampler.h">
      <Filter>头文件\Sampler</Filter>
    </ClInclude>
    <ClInclude Include="src\sampler\Jittered.h">
      <Filter>头文件\Sampler</Filter>
    </ClInclude>
    <ClInclude Include="src\shapes\Rectangle.h">
      <Filter>头文件\shape</Filter>
    </ClInclude>
    <ClInclude Include="src\lights\AreaLight.h">
      <Filter>头文件\light</Filter>
    </ClInclude>
    <ClInclude Include="src\shapes\Compound.h">
      <Filter>头文件\shape</Filter>
    </ClInclude>
    <ClInclude Include="src\shapes\Disk.h">
      <Filter>头文件\shape</Filter>
    </ClInclude>
    <ClInclude Include="src\shapes\SolidCylinder.h">
      <Filter>头文件\shape</Filter>
    </ClInclude>
    <ClInclude Include="src\shapes\openCylinder.h">
      <Filter>头文件\shape</Filter>
    </ClInclude>
    <ClInclude Include="src\shapes\accelerator\Grid.h">
      <Filter>头文件\Accelerator</Filter>
    </ClInclude>
    <ClInclude Include="src\shapes\BBox.h">
      <Filter>头文件\shape</Filter>
    </ClInclude>
    <ClInclude Include="src\shapes\mesh\Mesh.h">
      <Filter>头文件\shape\Mesh</Filter>
    </ClInclude>
    <ClInclude Include="src\shapes\Mesh\MeshTriangle.h">
      <Filter>头文件\shape\Mesh</Filter>
    </ClInclude>
    <ClInclude Include="src\extern\tinyply.h">
      <Filter>头文件\extern</Filter>
    </ClInclude>
    <ClInclude Include="src\plyparser.h">
      <Filter>头文件</Filter>
    </ClInclude>
    <ClInclude Include="src\integrator\WhittedIntegrator.h">
      <Filter>头文件\Integrator</Filter>
    </ClInclude>
    <ClInclude Include="src\materials\Reflective.h">
      <Filter>头文件\material</Filter>
    </ClInclude>
    <ClInclude Include="src\BRDF\PerfectSpecular.h">
      <Filter>头文件\BRDF</Filter>
    </ClInclude>
    <ClInclude Include="src\texture\PlaneChecker.h">
      <Filter>头文件\texture</Filter>
    </ClInclude>
    <ClInclude Include="src\materials\GlossyReflective.h">
      <Filter>头文件\material</Filter>
    </ClInclude>
    <ClInclude Include="src\texture\LightProbe.h">
      <Filter>头文件\texture</Filter>
    </ClInclude>
    <ClInclude Include="src\integrator\PathIntegrator.h">
      <Filter>头文件\Integrator</Filter>
    </ClInclude>
    <ClInclude Include="src\Sampler\MultiJittered.h">
      <Filter>头文件\Sampler</Filter>
    </ClInclude>
    <ClInclude Include="src\integrator\GlobalPathIntegrator.h">
      <Filter>头文件\Integrator</Filter>
    </ClInclude>
    <ClInclude Include="src\sse.h">
      <Filter>头文件</Filter>
    </ClInclude>
    <ClInclude Include="src\BTDF\BTDF.h">
      <Filter>头文件\BTDF</Filter>
    </ClInclude>
    <ClInclude Include="src\BTDF\PerfectTransmitter.h">
      <Filter>头文件\BTDF</Filter>
    </ClInclude>
    <ClInclude Include="src\materials\Transparent.h">
      <Filter>头文件\material</Filter>
    </ClInclude>
  </ItemGroup>
</Project>